# This file is automatically @generated by Cargo.
# It is not intended for manual editing.
version = 3

[[package]]
name = "bit-vec"
version = "0.4.4"
source = "registry+https://github.com/rust-lang/crates.io-index"
checksum = "02b4ff8b16e6076c3e14220b39fbc1fabb6737522281a388998046859400895f"

[[package]]
name = "bitstream-rs"
version = "0.1.2"
source = "registry+https://github.com/rust-lang/crates.io-index"
checksum = "54849349a823b99f614be12e1e1b49fda6a6b2861c5a1d74cfb09e9658cba7f9"

[[package]]
name = "hpack"
version = "0.3.0"
source = "registry+https://github.com/rust-lang/crates.io-index"
checksum = "1c68f61350ad23817dd207b035b5258d91ac5eaef69e96f906628aaed8854dda"
dependencies = [
 "log 0.3.9",
]

[[package]]
name = "huffman"
version = "0.1.0"
dependencies = [
 "hpack",
 "huffman-coding",
]

[[package]]
name = "huffman-coding"
version = "0.1.2"
source = "registry+https://github.com/rust-lang/crates.io-index"
checksum = "bd43974ad95725c17acfb87d4244c6f2eadec51262e7d200695582af7cd3c4cd"
dependencies = [
 "bit-vec",
 "bitstream-rs",
]

[[package]]
name = "log"
version = "0.3.9"
source = "registry+https://github.com/rust-lang/crates.io-index"
checksum = "e19e8d5c34a3e0e2223db8e060f9e8264aeeb5c5fc64a4ee9965c062211c024b"
dependencies = [
 "log 0.4.20",
]

[[package]]
name = "log"
version = "0.4.20"
source = "registry+https://github.com/rust-lang/crates.io-index"
checksum = "b5e6163cb8c49088c2c36f57875e58ccd8c87c7427f7fbd50ea6710b2f3f2e8f"
